
Microsoft Visual Studio Solution File, Format Version 12.00
# Visual Studio Version 16
VisualStudioVersion = 16.0.31702.278
MinimumVisualStudioVersion = 10.0.40219.1
Project("{9A19103F-16F7-4668-BE54-9A1E7A4F7556}") = "Задание 3.2", "Задание 3.1\Задание 3.2.csproj", "{81858498-CE76-4B55-94BF-9C0DB89FCDD8}"
EndProject
Global
	GlobalSection(SolutionConfigurationPlatforms) = preSolution
		Debug|Any CPU = Debug|Any CPU
		Release|Any CPU = Release|Any CPU
	EndGlobalSection
	GlobalSection(ProjectConfigurationPlatforms) = postSolution
		{81858498-CE76-4B55-94BF-9C0DB89FCDD8}.Debug|Any CPU.ActiveCfg = Debug|Any CPU
		{81858498-CE76-4B55-94BF-9C0DB89FCDD8}.Debug|Any CPU.Build.0 = Debug|Any CPU
		{81858498-CE76-4B55-94BF-9C0DB89FCDD8}.Release|Any CPU.ActiveCfg = Release|Any CPU
		{81858498-CE76-4B55-94BF-9C0DB89FCDD8}.Release|Any CPU.Build.0 = Release|Any CPU
	EndGlobalSection
	GlobalSection(SolutionProperties) = preSolution
		HideSolutionNode = FALSE
	EndGlobalSection
	GlobalSection(ExtensibilityGlobals) = postSolution
		SolutionGuid = {10E1C694-11DB-41C2-934F-1E9E6E572071}
	EndGlobalSection
EndGlobal
