
Microsoft Visual Studio Solution File, Format Version 12.00
# Visual Studio Version 16
VisualStudioVersion = 16.0.31702.278
MinimumVisualStudioVersion = 10.0.40219.1
Project("{FAE04EC0-301F-11D3-BF4B-00C04F79EFBC}") = "Задание 4 . 2", "Задание 4 . 2\Задание 4 . 2.csproj", "{D44187AD-A6AF-4142-9DB7-EC0BAAA82B0B}"
EndProject
Global
	GlobalSection(SolutionConfigurationPlatforms) = preSolution
		Debug|Any CPU = Debug|Any CPU
		Release|Any CPU = Release|Any CPU
	EndGlobalSection
	GlobalSection(ProjectConfigurationPlatforms) = postSolution
		{D44187AD-A6AF-4142-9DB7-EC0BAAA82B0B}.Debug|Any CPU.ActiveCfg = Debug|Any CPU
		{D44187AD-A6AF-4142-9DB7-EC0BAAA82B0B}.Debug|Any CPU.Build.0 = Debug|Any CPU
		{D44187AD-A6AF-4142-9DB7-EC0BAAA82B0B}.Release|Any CPU.ActiveCfg = Release|Any CPU
		{D44187AD-A6AF-4142-9DB7-EC0BAAA82B0B}.Release|Any CPU.Build.0 = Release|Any CPU
	EndGlobalSection
	GlobalSection(SolutionProperties) = preSolution
		HideSolutionNode = FALSE
	EndGlobalSection
	GlobalSection(ExtensibilityGlobals) = postSolution
		SolutionGuid = {D5E2CB27-9F88-4F61-AAEC-AF125B6F6E7A}
	EndGlobalSection
EndGlobal
